
Microsoft Visual Studio Solution File, Format Version 12.00
# Visual Studio Version 17
VisualStudioVersion = 17.14.36623.8 d17.14
MinimumVisualStudioVersion = 10.0.40219.1
Project("{FAE04EC0-301F-11D3-BF4B-00C04F79EFBC}") = "CodeDungeonAPI", "CodeDungeonAPI.csproj", "{559C45B3-EE86-417D-A132-D1443B9677AB}"
EndProject
Global
	GlobalSection(SolutionConfigurationPlatforms) = preSolution
		Debug|Any CPU = Debug|Any CPU
		Release|Any CPU = Release|Any CPU
	EndGlobalSection
	GlobalSection(ProjectConfigurationPlatforms) = postSolution
		{559C45B3-EE86-417D-A132-D1443B9677AB}.Debug|Any CPU.ActiveCfg = Debug|Any CPU
		{559C45B3-EE86-417D-A132-D1443B9677AB}.Debug|Any CPU.Build.0 = Debug|Any CPU
		{559C45B3-EE86-417D-A132-D1443B9677AB}.Release|Any CPU.ActiveCfg = Release|Any CPU
		{559C45B3-EE86-417D-A132-D1443B9677AB}.Release|Any CPU.Build.0 = Release|Any CPU
	EndGlobalSection
	GlobalSection(SolutionProperties) = preSolution
		HideSolutionNode = FALSE
	EndGlobalSection
	GlobalSection(ExtensibilityGlobals) = postSolution
		SolutionGuid = {A81AFF8B-87F7-4E15-8E5B-087E0199BD9E}
	EndGlobalSection
EndGlobal
